
Microsoft Visual Studio Solution File, Format Version 12.00
# Visual Studio Version 17
VisualStudioVersion = 17.11.35303.130
MinimumVisualStudioVersion = 10.0.40219.1
Project("{FAE04EC0-301F-11D3-BF4B-00C04F79EFBC}") = "Omega Sudoku", "Omega Sudoku\Omega Sudoku.csproj", "{C138EBB3-8870-4CD7-8A25-EB67B85A5CC9}"
EndProject
Global
	GlobalSection(SolutionConfigurationPlatforms) = preSolution
		Debug|Any CPU = Debug|Any CPU
		Release|Any CPU = Release|Any CPU
	EndGlobalSection
	GlobalSection(ProjectConfigurationPlatforms) = postSolution
		{C138EBB3-8870-4CD7-8A25-EB67B85A5CC9}.Debug|Any CPU.ActiveCfg = Debug|Any CPU
		{C138EBB3-8870-4CD7-8A25-EB67B85A5CC9}.Debug|Any CPU.Build.0 = Debug|Any CPU
		{C138EBB3-8870-4CD7-8A25-EB67B85A5CC9}.Release|Any CPU.ActiveCfg = Release|Any CPU
		{C138EBB3-8870-4CD7-8A25-EB67B85A5CC9}.Release|Any CPU.Build.0 = Release|Any CPU
	EndGlobalSection
	GlobalSection(SolutionProperties) = preSolution
		HideSolutionNode = FALSE
	EndGlobalSection
	GlobalSection(ExtensibilityGlobals) = postSolution
		SolutionGuid = {131D2C19-2E8D-4B0A-ABBE-88C153EA7528}
	EndGlobalSection
EndGlobal
